// !$*UTF8*$!
{
	archiveVersion = 1;
	classes = {
	};
	objectVersion = 56;
	objects = {

/* Begin PBXBuildFile section */
		2A88A4C92E0427050006EE74 /* ArticleDetailView.swift in Sources */ = {isa = PBXBuildFile; fileRef = 2A88A4C82E0427000006EE74 /* ArticleDetailView.swift */; };
		2A88A4CB2E042A280006EE74 /* ArticleContentFetcher.swift in Sources */ = {isa = PBXBuildFile; fileRef = 2A88A4CA2E042A230006EE74 /* ArticleContentFetcher.swift */; };
		2A88A4CF2E0431480006EE74 /* AddCustomSourceView.swift in Sources */ = {isa = PBXBuildFile; fileRef = 2A88A4CE2E0431410006EE74 /* AddCustomSourceView.swift */; };
		2AE2BE432E043A67005AC3F7 /* AddCustomCategoryView.swift in Sources */ = {isa = PBXBuildFile; fileRef = 2AE2BE422E043A5C005AC3F7 /* AddCustomCategoryView.swift */; };
		2AE2BE452E043AC8005AC3F7 /* CustomCategory.swift in Sources */ = {isa = PBXBuildFile; fileRef = 2AE2BE442E043AC5005AC3F7 /* CustomCategory.swift */; };
		3A0357A12DE77CF80066F14E /* Launch Screen.storyboard in Resources */ = {isa = PBXBuildFile; fileRef = 3A0357A02DE77CF80066F14E /* Launch Screen.storyboard */; };
		3A0357A42DE77D160066F14E /* Unifeed Index.swift in Sources */ = {isa = PBXBuildFile; fileRef = 3A0357A32DE77D160066F14E /* Unifeed Index.swift */; };
		3A0357A82DE77D480066F14E /* Settings.swift in Sources */ = {isa = PBXBuildFile; fileRef = 3A0357A72DE77D480066F14E /* Settings.swift */; };
		3A0357AB2DE77DE90066F14E /* PurchaseView.swift in Sources */ = {isa = PBXBuildFile; fileRef = 3A0357AA2DE77DE90066F14E /* PurchaseView.swift */; };
		3A0357AD2DE77DF40066F14E /* StoreManager.swift in Sources */ = {isa = PBXBuildFile; fileRef = 3A0357AC2DE77DF40066F14E /* StoreManager.swift */; };
		3A0357B02DE77E6A0066F14E /* Language.swift in Sources */ = {isa = PBXBuildFile; fileRef = 3A0357AF2DE77E6A0066F14E /* Language.swift */; };
		3A0357B22DE77F050066F14E /* MailFeedback.swift in Sources */ = {isa = PBXBuildFile; fileRef = 3A0357B12DE77F050066F14E /* MailFeedback.swift */; };
		3A0357B42DE77FEA0066F14E /* Models.swift in Sources */ = {isa = PBXBuildFile; fileRef = 3A0357B32DE77FEA0066F14E /* Models.swift */; };
		3A0357B62DE780020066F14E /* RSSFetcher.swift in Sources */ = {isa = PBXBuildFile; fileRef = 3A0357B52DE780020066F14E /* RSSFetcher.swift */; };
		3A0357B82DE7802C0066F14E /* NewsViewModel.swift in Sources */ = {isa = PBXBuildFile; fileRef = 3A0357B72DE7802C0066F14E /* NewsViewModel.swift */; };
		3A0357BA2DE7805B0066F14E /* NewsItemView.swift in Sources */ = {isa = PBXBuildFile; fileRef = 3A0357B92DE7805B0066F14E /* NewsItemView.swift */; };
		3A0357BC2DE782A00066F14E /* AppVersion.swift in Sources */ = {isa = PBXBuildFile; fileRef = 3A0357BB2DE782A00066F14E /* AppVersion.swift */; };
		3A0357BF2DE782EE0066F14E /* AlertToast in Frameworks */ = {isa = PBXBuildFile; productRef = 3A0357BE2DE782EE0066F14E /* AlertToast */; };
		3A0357C12DE786A70066F14E /* Location.swift in Sources */ = {isa = PBXBuildFile; fileRef = 3A0357C02DE786A70066F14E /* Location.swift */; };
		3A0357C42DE787200066F14E /* Category.swift in Sources */ = {isa = PBXBuildFile; fileRef = 3A0357C32DE787200066F14E /* Category.swift */; };
		3A0357C72DE78BF60066F14E /* FeedKit in Frameworks */ = {isa = PBXBuildFile; productRef = 3A0357C62DE78BF60066F14E /* FeedKit */; };
		3A0357C92DE78BF60066F14E /* XMLKit in Frameworks */ = {isa = PBXBuildFile; productRef = 3A0357C82DE78BF60066F14E /* XMLKit */; };
		3A1C28942DE8B52400F02DF8 /* String+HTMLDecoding.swift .swift in Sources */ = {isa = PBXBuildFile; fileRef = 3A1C28932DE8B52400F02DF8 /* String+HTMLDecoding.swift .swift */; };
		3A5424D22DE779DC000D58DA /* UnifeedApp.swift in Sources */ = {isa = PBXBuildFile; fileRef = 3A5424D12DE779DC000D58DA /* UnifeedApp.swift */; };
		3A5424D62DE779DE000D58DA /* Assets.xcassets in Resources */ = {isa = PBXBuildFile; fileRef = 3A5424D52DE779DE000D58DA /* Assets.xcassets */; };
		3A5424DA2DE779DE000D58DA /* Preview Assets.xcassets in Resources */ = {isa = PBXBuildFile; fileRef = 3A5424D92DE779DE000D58DA /* Preview Assets.xcassets */; };
		3A5424E42DE779DF000D58DA /* UnifeedTests.swift in Sources */ = {isa = PBXBuildFile; fileRef = 3A5424E32DE779DF000D58DA /* UnifeedTests.swift */; };
		3A5424EE2DE779DF000D58DA /* UnifeedUITests.swift in Sources */ = {isa = PBXBuildFile; fileRef = 3A5424ED2DE779DF000D58DA /* UnifeedUITests.swift */; };
		3A5424F02DE779DF000D58DA /* UnifeedUITestsLaunchTests.swift in Sources */ = {isa = PBXBuildFile; fileRef = 3A5424EF2DE779DF000D58DA /* UnifeedUITestsLaunchTests.swift */; };
		3A6C800C2DE8CC88006EE796 /* StoreKitConfig.storekit in Resources */ = {isa = PBXBuildFile; fileRef = 3A6C800B2DE8CC88006EE796 /* StoreKitConfig.storekit */; };
		3A7C07702DE7BBF50036EF90 /* SafariView.swift in Sources */ = {isa = PBXBuildFile; fileRef = 3A7C076F2DE7BBF50036EF90 /* SafariView.swift */; };
		3A84BC8D2DEA663600AB85C6 /* ShareSheet.swift in Sources */ = {isa = PBXBuildFile; fileRef = 3A84BC8C2DEA663600AB85C6 /* ShareSheet.swift */; };
		3AD6C40E2DEB25A70049F5BB /* SwiftSoup in Frameworks */ = {isa = PBXBuildFile; productRef = 3AD6C40D2DEB25A70049F5BB /* SwiftSoup */; };
		3AEC3EB82DEA03E3004E61D8 /* Filter.swift in Sources */ = {isa = PBXBuildFile; fileRef = 3AEC3EB72DEA03E2004E61D8 /* Filter.swift */; };
/* End PBXBuildFile section */

/* Begin PBXContainerItemProxy section */
		3A5424E02DE779DF000D58DA /* PBXContainerItemProxy */ = {
			isa = PBXContainerItemProxy;
			containerPortal = 3A5424C62DE779DC000D58DA /* Project object */;
			proxyType = 1;
			remoteGlobalIDString = 3A5424CD2DE779DC000D58DA;
			remoteInfo = Unifeed;
		};
		3A5424EA2DE779DF000D58DA /* PBXContainerItemProxy */ = {
			isa = PBXContainerItemProxy;
			containerPortal = 3A5424C62DE779DC000D58DA /* Project object */;
			proxyType = 1;
			remoteGlobalIDString = 3A5424CD2DE779DC000D58DA;
			remoteInfo = Unifeed;
		};
/* End PBXContainerItemProxy section */

/* Begin PBXFileReference section */
		2A88A4C82E0427000006EE74 /* ArticleDetailView.swift */ = {isa = PBXFileReference; lastKnownFileType = sourcecode.swift; path = ArticleDetailView.swift; sourceTree = "<group>"; };
		2A88A4CA2E042A230006EE74 /* ArticleContentFetcher.swift */ = {isa = PBXFileReference; lastKnownFileType = sourcecode.swift; path = ArticleContentFetcher.swift; sourceTree = "<group>"; };
		2A88A4CE2E0431410006EE74 /* AddCustomSourceView.swift */ = {isa = PBXFileReference; lastKnownFileType = sourcecode.swift; path = AddCustomSourceView.swift; sourceTree = "<group>"; };
		2AE2BE422E043A5C005AC3F7 /* AddCustomCategoryView.swift */ = {isa = PBXFileReference; lastKnownFileType = sourcecode.swift; path = AddCustomCategoryView.swift; sourceTree = "<group>"; };
		2AE2BE442E043AC5005AC3F7 /* CustomCategory.swift */ = {isa = PBXFileReference; lastKnownFileType = sourcecode.swift; path = CustomCategory.swift; sourceTree = "<group>"; };
		3A0357A02DE77CF80066F14E /* Launch Screen.storyboard */ = {isa = PBXFileReference; lastKnownFileType = file.storyboard; path = "Launch Screen.storyboard"; sourceTree = "<group>"; };
		3A0357A32DE77D160066F14E /* Unifeed Index.swift */ = {isa = PBXFileReference; lastKnownFileType = sourcecode.swift; path = "Unifeed Index.swift"; sourceTree = "<group>"; };
		3A0357A72DE77D480066F14E /* Settings.swift */ = {isa = PBXFileReference; lastKnownFileType = sourcecode.swift; path = Settings.swift; sourceTree = "<group>"; };
		3A0357AA2DE77DE90066F14E /* PurchaseView.swift */ = {isa = PBXFileReference; lastKnownFileType = sourcecode.swift; path = PurchaseView.swift; sourceTree = "<group>"; };
		3A0357AC2DE77DF40066F14E /* StoreManager.swift */ = {isa = PBXFileReference; lastKnownFileType = sourcecode.swift; path = StoreManager.swift; sourceTree = "<group>"; };
		3A0357AF2DE77E6A0066F14E /* Language.swift */ = {isa = PBXFileReference; lastKnownFileType = sourcecode.swift; path = Language.swift; sourceTree = "<group>"; };
		3A0357B12DE77F050066F14E /* MailFeedback.swift */ = {isa = PBXFileReference; lastKnownFileType = sourcecode.swift; path = MailFeedback.swift; sourceTree = "<group>"; };
		3A0357B32DE77FEA0066F14E /* Models.swift */ = {isa = PBXFileReference; lastKnownFileType = sourcecode.swift; path = Models.swift; sourceTree = "<group>"; };
		3A0357B52DE780020066F14E /* RSSFetcher.swift */ = {isa = PBXFileReference; lastKnownFileType = sourcecode.swift; path = RSSFetcher.swift; sourceTree = "<group>"; };
		3A0357B72DE7802C0066F14E /* NewsViewModel.swift */ = {isa = PBXFileReference; lastKnownFileType = sourcecode.swift; path = NewsViewModel.swift; sourceTree = "<group>"; };
		3A0357B92DE7805B0066F14E /* NewsItemView.swift */ = {isa = PBXFileReference; lastKnownFileType = sourcecode.swift; path = NewsItemView.swift; sourceTree = "<group>"; };
		3A0357BB2DE782A00066F14E /* AppVersion.swift */ = {isa = PBXFileReference; lastKnownFileType = sourcecode.swift; path = AppVersion.swift; sourceTree = "<group>"; };
		3A0357C02DE786A70066F14E /* Location.swift */ = {isa = PBXFileReference; lastKnownFileType = sourcecode.swift; path = Location.swift; sourceTree = "<group>"; };
		3A0357C32DE787200066F14E /* Category.swift */ = {isa = PBXFileReference; lastKnownFileType = sourcecode.swift; path = Category.swift; sourceTree = "<group>"; };
		3A1C28932DE8B52400F02DF8 /* String+HTMLDecoding.swift .swift */ = {isa = PBXFileReference; lastKnownFileType = sourcecode.swift; path = "String+HTMLDecoding.swift .swift"; sourceTree = "<group>"; };
		3A5424CE2DE779DC000D58DA /* Unifeed.app */ = {isa = PBXFileReference; explicitFileType = wrapper.application; includeInIndex = 0; path = Unifeed.app; sourceTree = BUILT_PRODUCTS_DIR; };
		3A5424D12DE779DC000D58DA /* UnifeedApp.swift */ = {isa = PBXFileReference; lastKnownFileType = sourcecode.swift; path = UnifeedApp.swift; sourceTree = "<group>"; };
		3A5424D52DE779DE000D58DA /* Assets.xcassets */ = {isa = PBXFileReference; lastKnownFileType = folder.assetcatalog; path = Assets.xcassets; sourceTree = "<group>"; };
		3A5424D72DE779DE000D58DA /* Unifeed.entitlements */ = {isa = PBXFileReference; lastKnownFileType = text.plist.entitlements; path = Unifeed.entitlements; sourceTree = "<group>"; };
		3A5424D92DE779DE000D58DA /* Preview Assets.xcassets */ = {isa = PBXFileReference; lastKnownFileType = folder.assetcatalog; path = "Preview Assets.xcassets"; sourceTree = "<group>"; };
		3A5424DF2DE779DF000D58DA /* UnifeedTests.xctest */ = {isa = PBXFileReference; explicitFileType = wrapper.cfbundle; includeInIndex = 0; path = UnifeedTests.xctest; sourceTree = BUILT_PRODUCTS_DIR; };
		3A5424E32DE779DF000D58DA /* UnifeedTests.swift */ = {isa = PBXFileReference; lastKnownFileType = sourcecode.swift; path = UnifeedTests.swift; sourceTree = "<group>"; };
		3A5424E92DE779DF000D58DA /* UnifeedUITests.xctest */ = {isa = PBXFileReference; explicitFileType = wrapper.cfbundle; includeInIndex = 0; path = UnifeedUITests.xctest; sourceTree = BUILT_PRODUCTS_DIR; };
		3A5424ED2DE779DF000D58DA /* UnifeedUITests.swift */ = {isa = PBXFileReference; lastKnownFileType = sourcecode.swift; path = UnifeedUITests.swift; sourceTree = "<group>"; };
		3A5424EF2DE779DF000D58DA /* UnifeedUITestsLaunchTests.swift */ = {isa = PBXFileReference; lastKnownFileType = sourcecode.swift; path = UnifeedUITestsLaunchTests.swift; sourceTree = "<group>"; };
		3A6C800B2DE8CC88006EE796 /* StoreKitConfig.storekit */ = {isa = PBXFileReference; lastKnownFileType = text; path = StoreKitConfig.storekit; sourceTree = "<group>"; };
		3A7392742DE8DB7F00542400 /* Info.plist */ = {isa = PBXFileReference; lastKnownFileType = text.plist; path = Info.plist; sourceTree = "<group>"; };
		3A7C076F2DE7BBF50036EF90 /* SafariView.swift */ = {isa = PBXFileReference; lastKnownFileType = sourcecode.swift; path = SafariView.swift; sourceTree = "<group>"; };
		3A84BC8C2DEA663600AB85C6 /* ShareSheet.swift */ = {isa = PBXFileReference; lastKnownFileType = sourcecode.swift; path = ShareSheet.swift; sourceTree = "<group>"; };
		3AEC3EB72DEA03E2004E61D8 /* Filter.swift */ = {isa = PBXFileReference; lastKnownFileType = sourcecode.swift; path = Filter.swift; sourceTree = "<group>"; };
/* End PBXFileReference section */

/* Begin PBXFrameworksBuildPhase section */
		3A5424CB2DE779DC000D58DA /* Frameworks */ = {
			isa = PBXFrameworksBuildPhase;
			buildActionMask = 2147483647;
			files = (
				3A0357BF2DE782EE0066F14E /* AlertToast in Frameworks */,
				3AD6C40E2DEB25A70049F5BB /* SwiftSoup in Frameworks */,
				3A0357C92DE78BF60066F14E /* XMLKit in Frameworks */,
				3A0357C72DE78BF60066F14E /* FeedKit in Frameworks */,
			);
			runOnlyForDeploymentPostprocessing = 0;
		};
		3A5424DC2DE779DF000D58DA /* Frameworks */ = {
			isa = PBXFrameworksBuildPhase;
			buildActionMask = 2147483647;
			files = (
			);
			runOnlyForDeploymentPostprocessing = 0;
		};
		3A5424E62DE779DF000D58DA /* Frameworks */ = {
			isa = PBXFrameworksBuildPhase;
			buildActionMask = 2147483647;
			files = (
			);
			runOnlyForDeploymentPostprocessing = 0;
		};
/* End PBXFrameworksBuildPhase section */

/* Begin PBXGroup section */
		3A0357A22DE77D010066F14E /* RSS */ = {
			isa = PBXGroup;
			children = (
				2AE2BE442E043AC5005AC3F7 /* CustomCategory.swift */,
				2A88A4CA2E042A230006EE74 /* ArticleContentFetcher.swift */,
				3A0357B32DE77FEA0066F14E /* Models.swift */,
				3A0357B52DE780020066F14E /* RSSFetcher.swift */,
			);
			path = RSS;
			sourceTree = "<group>";
		};
		3A0357A62DE77D3B0066F14E /* Views */ = {
			isa = PBXGroup;
			children = (
				2AE2BE422E043A5C005AC3F7 /* AddCustomCategoryView.swift */,
				2A88A4CE2E0431410006EE74 /* AddCustomSourceView.swift */,
				2A88A4C82E0427000006EE74 /* ArticleDetailView.swift */,
				3A0357C32DE787200066F14E /* Category.swift */,
				3A0357C02DE786A70066F14E /* Location.swift */,
				3A0357A72DE77D480066F14E /* Settings.swift */,
				3A0357B72DE7802C0066F14E /* NewsViewModel.swift */,
				3A0357B92DE7805B0066F14E /* NewsItemView.swift */,
				3A7C076F2DE7BBF50036EF90 /* SafariView.swift */,
				3AEC3EB72DEA03E2004E61D8 /* Filter.swift */,
			);
			path = Views;
			sourceTree = "<group>";
		};
		3A0357A92DE77DC00066F14E /* in-app purchase */ = {
			isa = PBXGroup;
			children = (
				3A0357AA2DE77DE90066F14E /* PurchaseView.swift */,
				3A0357AC2DE77DF40066F14E /* StoreManager.swift */,
				3A6C800B2DE8CC88006EE796 /* StoreKitConfig.storekit */,
			);
			path = "in-app purchase";
			sourceTree = "<group>";
		};
		3A0357AE2DE77E5B0066F14E /* Functions */ = {
			isa = PBXGroup;
			children = (
				3A0357AF2DE77E6A0066F14E /* Language.swift */,
				3A0357B12DE77F050066F14E /* MailFeedback.swift */,
				3A0357BB2DE782A00066F14E /* AppVersion.swift */,
				3A1C28932DE8B52400F02DF8 /* String+HTMLDecoding.swift .swift */,
				3A84BC8C2DEA663600AB85C6 /* ShareSheet.swift */,
			);
			path = Functions;
			sourceTree = "<group>";
		};
		3A5424C52DE779DC000D58DA = {
			isa = PBXGroup;
			children = (
				3A5424D02DE779DC000D58DA /* Unifeed */,
				3A0357AE2DE77E5B0066F14E /* Functions */,
				3A0357A62DE77D3B0066F14E /* Views */,
				3A0357A22DE77D010066F14E /* RSS */,
				3A0357A92DE77DC00066F14E /* in-app purchase */,
				3A5424E22DE779DF000D58DA /* UnifeedTests */,
				3A5424EC2DE779DF000D58DA /* UnifeedUITests */,
				3A5424CF2DE779DC000D58DA /* Products */,
			);
			sourceTree = "<group>";
		};
		3A5424CF2DE779DC000D58DA /* Products */ = {
			isa = PBXGroup;
			children = (
				3A5424CE2DE779DC000D58DA /* Unifeed.app */,
				3A5424DF2DE779DF000D58DA /* UnifeedTests.xctest */,
				3A5424E92DE779DF000D58DA /* UnifeedUITests.xctest */,
			);
			name = Products;
			sourceTree = "<group>";
		};
		3A5424D02DE779DC000D58DA /* Unifeed */ = {
			isa = PBXGroup;
			children = (
				3A7392742DE8DB7F00542400 /* Info.plist */,
				3A5424D12DE779DC000D58DA /* UnifeedApp.swift */,
				3A0357A32DE77D160066F14E /* Unifeed Index.swift */,
				3A5424D52DE779DE000D58DA /* Assets.xcassets */,
				3A0357A02DE77CF80066F14E /* Launch Screen.storyboard */,
				3A5424D72DE779DE000D58DA /* Unifeed.entitlements */,
				3A5424D82DE779DE000D58DA /* Preview Content */,
			);
			path = Unifeed;
			sourceTree = "<group>";
		};
		3A5424D82DE779DE000D58DA /* Preview Content */ = {
			isa = PBXGroup;
			children = (
				3A5424D92DE779DE000D58DA /* Preview Assets.xcassets */,
			);
			path = "Preview Content";
			sourceTree = "<group>";
		};
		3A5424E22DE779DF000D58DA /* UnifeedTests */ = {
			isa = PBXGroup;
			children = (
				3A5424E32DE779DF000D58DA /* UnifeedTests.swift */,
			);
			path = UnifeedTests;
			sourceTree = "<group>";
		};
		3A5424EC2DE779DF000D58DA /* UnifeedUITests */ = {
			isa = PBXGroup;
			children = (
				3A5424ED2DE779DF000D58DA /* UnifeedUITests.swift */,
				3A5424EF2DE779DF000D58DA /* UnifeedUITestsLaunchTests.swift */,
			);
			path = UnifeedUITests;
			sourceTree = "<group>";
		};
/* End PBXGroup section */

/* Begin PBXNativeTarget section */
		3A5424CD2DE779DC000D58DA /* Unifeed */ = {
			isa = PBXNativeTarget;
			buildConfigurationList = 3A5424F32DE779DF000D58DA /* Build configuration list for PBXNativeTarget "Unifeed" */;
			buildPhases = (
				3A5424CA2DE779DC000D58DA /* Sources */,
				3A5424CB2DE779DC000D58DA /* Frameworks */,
				3A5424CC2DE779DC000D58DA /* Resources */,
			);
			buildRules = (
			);
			dependencies = (
			);
			name = Unifeed;
			packageProductDependencies = (
				3A0357BE2DE782EE0066F14E /* AlertToast */,
				3A0357C62DE78BF60066F14E /* FeedKit */,
				3A0357C82DE78BF60066F14E /* XMLKit */,
				3AD6C40D2DEB25A70049F5BB /* SwiftSoup */,
			);
			productName = Unifeed;
			productReference = 3A5424CE2DE779DC000D58DA /* Unifeed.app */;
			productType = "com.apple.product-type.application";
		};
		3A5424DE2DE779DF000D58DA /* UnifeedTests */ = {
			isa = PBXNativeTarget;
			buildConfigurationList = 3A5424F62DE779DF000D58DA /* Build configuration list for PBXNativeTarget "UnifeedTests" */;
			buildPhases = (
				3A5424DB2DE779DF000D58DA /* Sources */,
				3A5424DC2DE779DF000D58DA /* Frameworks */,
				3A5424DD2DE779DF000D58DA /* Resources */,
			);
			buildRules = (
			);
			dependencies = (
				3A5424E12DE779DF000D58DA /* PBXTargetDependency */,
			);
			name = UnifeedTests;
			productName = UnifeedTests;
			productReference = 3A5424DF2DE779DF000D58DA /* UnifeedTests.xctest */;
			productType = "com.apple.product-type.bundle.unit-test";
		};
		3A5424E82DE779DF000D58DA /* UnifeedUITests */ = {
			isa = PBXNativeTarget;
			buildConfigurationList = 3A5424F92DE779DF000D58DA /* Build configuration list for PBXNativeTarget "UnifeedUITests" */;
			buildPhases = (
				3A5424E52DE779DF000D58DA /* Sources */,
				3A5424E62DE779DF000D58DA /* Frameworks */,
				3A5424E72DE779DF000D58DA /* Resources */,
			);
			buildRules = (
			);
			dependencies = (
				3A5424EB2DE779DF000D58DA /* PBXTargetDependency */,
			);
			name = UnifeedUITests;
			productName = UnifeedUITests;
			productReference = 3A5424E92DE779DF000D58DA /* UnifeedUITests.xctest */;
			productType = "com.apple.product-type.bundle.ui-testing";
		};
/* End PBXNativeTarget section */

/* Begin PBXProject section */
		3A5424C62DE779DC000D58DA /* Project object */ = {
			isa = PBXProject;
			attributes = {
				BuildIndependentTargetsInParallel = 1;
				LastSwiftUpdateCheck = 1520;
				LastUpgradeCheck = 1640;
				TargetAttributes = {
					3A5424CD2DE779DC000D58DA = {
						CreatedOnToolsVersion = 15.2;
					};
					3A5424DE2DE779DF000D58DA = {
						CreatedOnToolsVersion = 15.2;
						TestTargetID = 3A5424CD2DE779DC000D58DA;
					};
					3A5424E82DE779DF000D58DA = {
						CreatedOnToolsVersion = 15.2;
						TestTargetID = 3A5424CD2DE779DC000D58DA;
					};
				};
			};
			buildConfigurationList = 3A5424C92DE779DC000D58DA /* Build configuration list for PBXProject "Unifeed" */;
			compatibilityVersion = "Xcode 14.0";
			developmentRegion = en;
			hasScannedForEncodings = 0;
			knownRegions = (
				en,
				Base,
			);
			mainGroup = 3A5424C52DE779DC000D58DA;
			packageReferences = (
				3A0357BD2DE782EE0066F14E /* XCRemoteSwiftPackageReference "AlertToast" */,
				3A0357C52DE78BF60066F14E /* XCRemoteSwiftPackageReference "FeedKit" */,
				3AD6C40C2DEB25A70049F5BB /* XCRemoteSwiftPackageReference "SwiftSoup" */,
			);
			productRefGroup = 3A5424CF2DE779DC000D58DA /* Products */;
			projectDirPath = "";
			projectRoot = "";
			targets = (
				3A5424CD2DE779DC000D58DA /* Unifeed */,
				3A5424DE2DE779DF000D58DA /* UnifeedTests */,
				3A5424E82DE779DF000D58DA /* UnifeedUITests */,
			);
		};
/* End PBXProject section */

/* Begin PBXResourcesBuildPhase section */
		3A5424CC2DE779DC000D58DA /* Resources */ = {
			isa = PBXResourcesBuildPhase;
			buildActionMask = 2147483647;
			files = (
				3A0357A12DE77CF80066F14E /* Launch Screen.storyboard in Resources */,
				3A6C800C2DE8CC88006EE796 /* StoreKitConfig.storekit in Resources */,
				3A5424DA2DE779DE000D58DA /* Preview Assets.xcassets in Resources */,
				3A5424D62DE779DE000D58DA /* Assets.xcassets in Resources */,
			);
			runOnlyForDeploymentPostprocessing = 0;
		};
		3A5424DD2DE779DF000D58DA /* Resources */ = {
			isa = PBXResourcesBuildPhase;
			buildActionMask = 2147483647;
			files = (
			);
			runOnlyForDeploymentPostprocessing = 0;
		};
		3A5424E72DE779DF000D58DA /* Resources */ = {
			isa = PBXResourcesBuildPhase;
			buildActionMask = 2147483647;
			files = (
			);
			runOnlyForDeploymentPostprocessing = 0;
		};
/* End PBXResourcesBuildPhase section */

/* Begin PBXSourcesBuildPhase section */
		3A5424CA2DE779DC000D58DA /* Sources */ = {
			isa = PBXSourcesBuildPhase;
			buildActionMask = 2147483647;
			files = (
				3A0357A82DE77D480066F14E /* Settings.swift in Sources */,
				3A5424D22DE779DC000D58DA /* UnifeedApp.swift in Sources */,
				2A88A4CB2E042A280006EE74 /* ArticleContentFetcher.swift in Sources */,
				3A0357AD2DE77DF40066F14E /* StoreManager.swift in Sources */,
				3A0357B42DE77FEA0066F14E /* Models.swift in Sources */,
				3A0357B02DE77E6A0066F14E /* Language.swift in Sources */,
				3A0357A42DE77D160066F14E /* Unifeed Index.swift in Sources */,
				3A0357C12DE786A70066F14E /* Location.swift in Sources */,
				3A84BC8D2DEA663600AB85C6 /* ShareSheet.swift in Sources */,
				2AE2BE452E043AC8005AC3F7 /* CustomCategory.swift in Sources */,
				3A0357BC2DE782A00066F14E /* AppVersion.swift in Sources */,
				3A1C28942DE8B52400F02DF8 /* String+HTMLDecoding.swift .swift in Sources */,
				2A88A4CF2E0431480006EE74 /* AddCustomSourceView.swift in Sources */,
				3A0357BA2DE7805B0066F14E /* NewsItemView.swift in Sources */,
				3A0357B62DE780020066F14E /* RSSFetcher.swift in Sources */,
				3A0357B82DE7802C0066F14E /* NewsViewModel.swift in Sources */,
				3A7C07702DE7BBF50036EF90 /* SafariView.swift in Sources */,
				3A0357AB2DE77DE90066F14E /* PurchaseView.swift in Sources */,
				2AE2BE432E043A67005AC3F7 /* AddCustomCategoryView.swift in Sources */,
				2A88A4C92E0427050006EE74 /* ArticleDetailView.swift in Sources */,
				3A0357B22DE77F050066F14E /* MailFeedback.swift in Sources */,
				3A0357C42DE787200066F14E /* Category.swift in Sources */,
				3AEC3EB82DEA03E3004E61D8 /* Filter.swift in Sources */,
			);
			runOnlyForDeploymentPostprocessing = 0;
		};
		3A5424DB2DE779DF000D58DA /* Sources */ = {
			isa = PBXSourcesBuildPhase;
			buildActionMask = 2147483647;
			files = (
				3A5424E42DE779DF000D58DA /* UnifeedTests.swift in Sources */,
			);
			runOnlyForDeploymentPostprocessing = 0;
		};
		3A5424E52DE779DF000D58DA /* Sources */ = {
			isa = PBXSourcesBuildPhase;
			buildActionMask = 2147483647;
			files = (
				3A5424EE2DE779DF000D58DA /* UnifeedUITests.swift in Sources */,
				3A5424F02DE779DF000D58DA /* UnifeedUITestsLaunchTests.swift in Sources */,
			);
			runOnlyForDeploymentPostprocessing = 0;
		};
/* End PBXSourcesBuildPhase section */

/* Begin PBXTargetDependency section */
		3A5424E12DE779DF000D58DA /* PBXTargetDependency */ = {
			isa = PBXTargetDependency;
			target = 3A5424CD2DE779DC000D58DA /* Unifeed */;
			targetProxy = 3A5424E02DE779DF000D58DA /* PBXContainerItemProxy */;
		};
		3A5424EB2DE779DF000D58DA /* PBXTargetDependency */ = {
			isa = PBXTargetDependency;
			target = 3A5424CD2DE779DC000D58DA /* Unifeed */;
			targetProxy = 3A5424EA2DE779DF000D58DA /* PBXContainerItemProxy */;
		};
/* End PBXTargetDependency section */

/* Begin XCBuildConfiguration section */
		3A5424F12DE779DF000D58DA /* Debug */ = {
			isa = XCBuildConfiguration;
			buildSettings = {
				ALWAYS_SEARCH_USER_PATHS = NO;
				ASSETCATALOG_COMPILER_GENERATE_SWIFT_ASSET_SYMBOL_EXTENSIONS = YES;
				CLANG_ANALYZER_NONNULL = YES;
				CLANG_ANALYZER_NUMBER_OBJECT_CONVERSION = YES_AGGRESSIVE;
				CLANG_CXX_LANGUAGE_STANDARD = "gnu++20";
				CLANG_ENABLE_MODULES = YES;
				CLANG_ENABLE_OBJC_ARC = YES;
				CLANG_ENABLE_OBJC_WEAK = YES;
				CLANG_WARN_BLOCK_CAPTURE_AUTORELEASING = YES;
				CLANG_WARN_BOOL_CONVERSION = YES;
				CLANG_WARN_COMMA = YES;
				CLANG_WARN_CONSTANT_CONVERSION = YES;
				CLANG_WARN_DEPRECATED_OBJC_IMPLEMENTATIONS = YES;
				CLANG_WARN_DIRECT_OBJC_ISA_USAGE = YES_ERROR;
				CLANG_WARN_DOCUMENTATION_COMMENTS = YES;
				CLANG_WARN_EMPTY_BODY = YES;
				CLANG_WARN_ENUM_CONVERSION = YES;
				CLANG_WARN_INFINITE_RECURSION = YES;
				CLANG_WARN_INT_CONVERSION = YES;
				CLANG_WARN_NON_LITERAL_NULL_CONVERSION = YES;
				CLANG_WARN_OBJC_IMPLICIT_RETAIN_SELF = YES;
				CLANG_WARN_OBJC_LITERAL_CONVERSION = YES;
				CLANG_WARN_OBJC_ROOT_CLASS = YES_ERROR;
				CLANG_WARN_QUOTED_INCLUDE_IN_FRAMEWORK_HEADER = YES;
				CLANG_WARN_RANGE_LOOP_ANALYSIS = YES;
				CLANG_WARN_STRICT_PROTOTYPES = YES;
				CLANG_WARN_SUSPICIOUS_MOVE = YES;
				CLANG_WARN_UNGUARDED_AVAILABILITY = YES_AGGRESSIVE;
				CLANG_WARN_UNREACHABLE_CODE = YES;
				CLANG_WARN__DUPLICATE_METHOD_MATCH = YES;
				COPY_PHASE_STRIP = NO;
				DEAD_CODE_STRIPPING = YES;
				DEBUG_INFORMATION_FORMAT = dwarf;
				DEVELOPMENT_TEAM = U4LPX7NYV2;
				ENABLE_STRICT_OBJC_MSGSEND = YES;
				ENABLE_TESTABILITY = YES;
				ENABLE_USER_SCRIPT_SANDBOXING = YES;
				GCC_C_LANGUAGE_STANDARD = gnu17;
				GCC_DYNAMIC_NO_PIC = NO;
				GCC_NO_COMMON_BLOCKS = YES;
				GCC_OPTIMIZATION_LEVEL = 0;
				GCC_PREPROCESSOR_DEFINITIONS = (
					"DEBUG=1",
					"$(inherited)",
				);
				GCC_WARN_64_TO_32_BIT_CONVERSION = YES;
				GCC_WARN_ABOUT_RETURN_TYPE = YES_ERROR;
				GCC_WARN_UNDECLARED_SELECTOR = YES;
				GCC_WARN_UNINITIALIZED_AUTOS = YES_AGGRESSIVE;
				GCC_WARN_UNUSED_FUNCTION = YES;
				GCC_WARN_UNUSED_VARIABLE = YES;
				LOCALIZATION_PREFERS_STRING_CATALOGS = YES;
				MTL_ENABLE_DEBUG_INFO = INCLUDE_SOURCE;
				MTL_FAST_MATH = YES;
				ONLY_ACTIVE_ARCH = YES;
				SDKROOT = macosx;
				SWIFT_ACTIVE_COMPILATION_CONDITIONS = "DEBUG $(inherited)";
				SWIFT_OPTIMIZATION_LEVEL = "-Onone";
			};
			name = Debug;
		};
		3A5424F22DE779DF000D58DA /* Release */ = {
			isa = XCBuildConfiguration;
			buildSettings = {
				ALWAYS_SEARCH_USER_PATHS = NO;
				ASSETCATALOG_COMPILER_GENERATE_SWIFT_ASSET_SYMBOL_EXTENSIONS = YES;
				CLANG_ANALYZER_NONNULL = YES;
				CLANG_ANALYZER_NUMBER_OBJECT_CONVERSION = YES_AGGRESSIVE;
				CLANG_CXX_LANGUAGE_STANDARD = "gnu++20";
				CLANG_ENABLE_MODULES = YES;
				CLANG_ENABLE_OBJC_ARC = YES;
				CLANG_ENABLE_OBJC_WEAK = YES;
				CLANG_WARN_BLOCK_CAPTURE_AUTORELEASING = YES;
				CLANG_WARN_BOOL_CONVERSION = YES;
				CLANG_WARN_COMMA = YES;
				CLANG_WARN_CONSTANT_CONVERSION = YES;
				CLANG_WARN_DEPRECATED_OBJC_IMPLEMENTATIONS = YES;
				CLANG_WARN_DIRECT_OBJC_ISA_USAGE = YES_ERROR;
				CLANG_WARN_DOCUMENTATION_COMMENTS = YES;
				CLANG_WARN_EMPTY_BODY = YES;
				CLANG_WARN_ENUM_CONVERSION = YES;
				CLANG_WARN_INFINITE_RECURSION = YES;
				CLANG_WARN_INT_CONVERSION = YES;
				CLANG_WARN_NON_LITERAL_NULL_CONVERSION = YES;
				CLANG_WARN_OBJC_IMPLICIT_RETAIN_SELF = YES;
				CLANG_WARN_OBJC_LITERAL_CONVERSION = YES;
				CLANG_WARN_OBJC_ROOT_CLASS = YES_ERROR;
				CLANG_WARN_QUOTED_INCLUDE_IN_FRAMEWORK_HEADER = YES;
				CLANG_WARN_RANGE_LOOP_ANALYSIS = YES;
				CLANG_WARN_STRICT_PROTOTYPES = YES;
				CLANG_WARN_SUSPICIOUS_MOVE = YES;
				CLANG_WARN_UNGUARDED_AVAILABILITY = YES_AGGRESSIVE;
				CLANG_WARN_UNREACHABLE_CODE = YES;
				CLANG_WARN__DUPLICATE_METHOD_MATCH = YES;
				COPY_PHASE_STRIP = NO;
				DEAD_CODE_STRIPPING = YES;
				DEBUG_INFORMATION_FORMAT = "dwarf-with-dsym";
				DEVELOPMENT_TEAM = U4LPX7NYV2;
				ENABLE_NS_ASSERTIONS = NO;
				ENABLE_STRICT_OBJC_MSGSEND = YES;
				ENABLE_USER_SCRIPT_SANDBOXING = YES;
				GCC_C_LANGUAGE_STANDARD = gnu17;
				GCC_NO_COMMON_BLOCKS = YES;
				GCC_WARN_64_TO_32_BIT_CONVERSION = YES;
				GCC_WARN_ABOUT_RETURN_TYPE = YES_ERROR;
				GCC_WARN_UNDECLARED_SELECTOR = YES;
				GCC_WARN_UNINITIALIZED_AUTOS = YES_AGGRESSIVE;
				GCC_WARN_UNUSED_FUNCTION = YES;
				GCC_WARN_UNUSED_VARIABLE = YES;
				LOCALIZATION_PREFERS_STRING_CATALOGS = YES;
				MTL_ENABLE_DEBUG_INFO = NO;
				MTL_FAST_MATH = YES;
				SDKROOT = macosx;
				SWIFT_COMPILATION_MODE = wholemodule;
			};
			name = Release;
		};
		3A5424F42DE779DF000D58DA /* Debug */ = {
			isa = XCBuildConfiguration;
			buildSettings = {
				ASSETCATALOG_COMPILER_APPICON_NAME = AppIcon;
				ASSETCATALOG_COMPILER_GLOBAL_ACCENT_COLOR_NAME = AccentColor;
				CODE_SIGN_ENTITLEMENTS = Unifeed/Unifeed.entitlements;
				CODE_SIGN_STYLE = Automatic;
				CURRENT_PROJECT_VERSION = 1;
				DEAD_CODE_STRIPPING = YES;
				DEVELOPMENT_ASSET_PATHS = "\"Unifeed/Preview Content\"";
				ENABLE_HARDENED_RUNTIME = YES;
				ENABLE_PREVIEWS = YES;
				GENERATE_INFOPLIST_FILE = YES;
				INFOPLIST_FILE = Unifeed/Info.plist;
				INFOPLIST_KEY_LSApplicationCategoryType = "public.app-category.news";
				"INFOPLIST_KEY_UIApplicationSceneManifest_Generation[sdk=iphoneos*]" = YES;
				"INFOPLIST_KEY_UIApplicationSceneManifest_Generation[sdk=iphonesimulator*]" = YES;
				"INFOPLIST_KEY_UIApplicationSupportsIndirectInputEvents[sdk=iphoneos*]" = YES;
				"INFOPLIST_KEY_UIApplicationSupportsIndirectInputEvents[sdk=iphonesimulator*]" = YES;
				"INFOPLIST_KEY_UILaunchScreen_Generation[sdk=iphoneos*]" = YES;
				"INFOPLIST_KEY_UILaunchScreen_Generation[sdk=iphonesimulator*]" = YES;
				"INFOPLIST_KEY_UIStatusBarStyle[sdk=iphoneos*]" = UIStatusBarStyleDefault;
				"INFOPLIST_KEY_UIStatusBarStyle[sdk=iphonesimulator*]" = UIStatusBarStyleDefault;
				INFOPLIST_KEY_UISupportedInterfaceOrientations = UIInterfaceOrientationPortrait;
				INFOPLIST_KEY_UISupportedInterfaceOrientations_iPad = "UIInterfaceOrientationLandscapeLeft UIInterfaceOrientationLandscapeRight UIInterfaceOrientationPortrait UIInterfaceOrientationPortraitUpsideDown";
				IPHONEOS_DEPLOYMENT_TARGET = 16.0;
				LD_RUNPATH_SEARCH_PATHS = "@executable_path/Frameworks";
				"LD_RUNPATH_SEARCH_PATHS[sdk=macosx*]" = "@executable_path/../Frameworks";
				MACOSX_DEPLOYMENT_TARGET = 13.7;
				MARKETING_VERSION = 1.1;
				"OTHER_LDFLAGS[arch=*]" = "-ObjC";
				PRODUCT_BUNDLE_IDENTIFIER = AdrianNeshad.Unifeed;
				PRODUCT_NAME = "$(TARGET_NAME)";
				SDKROOT = auto;
				SUPPORTED_PLATFORMS = "iphoneos iphonesimulator";
				SUPPORTS_MACCATALYST = NO;
				SWIFT_EMIT_LOC_STRINGS = YES;
				SWIFT_VERSION = 5.0;
				TARGETED_DEVICE_FAMILY = 1;
			};
			name = Debug;
		};
		3A5424F52DE779DF000D58DA /* Release */ = {
			isa = XCBuildConfiguration;
			buildSettings = {
				ASSETCATALOG_COMPILER_APPICON_NAME = AppIcon;
				ASSETCATALOG_COMPILER_GLOBAL_ACCENT_COLOR_NAME = AccentColor;
				CODE_SIGN_ENTITLEMENTS = Unifeed/Unifeed.entitlements;
				CODE_SIGN_STYLE = Automatic;
				CURRENT_PROJECT_VERSION = 1;
				DEAD_CODE_STRIPPING = YES;
				DEVELOPMENT_ASSET_PATHS = "\"Unifeed/Preview Content\"";
				ENABLE_HARDENED_RUNTIME = YES;
				ENABLE_PREVIEWS = YES;
				GENERATE_INFOPLIST_FILE = YES;
				INFOPLIST_FILE = Unifeed/Info.plist;
				INFOPLIST_KEY_LSApplicationCategoryType = "public.app-category.news";
				"INFOPLIST_KEY_UIApplicationSceneManifest_Generation[sdk=iphoneos*]" = YES;
				"INFOPLIST_KEY_UIApplicationSceneManifest_Generation[sdk=iphonesimulator*]" = YES;
				"INFOPLIST_KEY_UIApplicationSupportsIndirectInputEvents[sdk=iphoneos*]" = YES;
				"INFOPLIST_KEY_UIApplicationSupportsIndirectInputEvents[sdk=iphonesimulator*]" = YES;
				"INFOPLIST_KEY_UILaunchScreen_Generation[sdk=iphoneos*]" = YES;
				"INFOPLIST_KEY_UILaunchScreen_Generation[sdk=iphonesimulator*]" = YES;
				"INFOPLIST_KEY_UIStatusBarStyle[sdk=iphoneos*]" = UIStatusBarStyleDefault;
				"INFOPLIST_KEY_UIStatusBarStyle[sdk=iphonesimulator*]" = UIStatusBarStyleDefault;
				INFOPLIST_KEY_UISupportedInterfaceOrientations = UIInterfaceOrientationPortrait;
				INFOPLIST_KEY_UISupportedInterfaceOrientations_iPad = "UIInterfaceOrientationLandscapeLeft UIInterfaceOrientationLandscapeRight UIInterfaceOrientationPortrait UIInterfaceOrientationPortraitUpsideDown";
				IPHONEOS_DEPLOYMENT_TARGET = 16.0;
				LD_RUNPATH_SEARCH_PATHS = "@executable_path/Frameworks";
				"LD_RUNPATH_SEARCH_PATHS[sdk=macosx*]" = "@executable_path/../Frameworks";
				MACOSX_DEPLOYMENT_TARGET = 13.7;
				MARKETING_VERSION = 1.1;
				"OTHER_LDFLAGS[arch=*]" = "-ObjC";
				PRODUCT_BUNDLE_IDENTIFIER = AdrianNeshad.Unifeed;
				PRODUCT_NAME = "$(TARGET_NAME)";
				SDKROOT = auto;
				SUPPORTED_PLATFORMS = "iphoneos iphonesimulator";
				SUPPORTS_MACCATALYST = NO;
				SWIFT_EMIT_LOC_STRINGS = YES;
				SWIFT_VERSION = 5.0;
				TARGETED_DEVICE_FAMILY = 1;
			};
			name = Release;
		};
		3A5424F72DE779DF000D58DA /* Debug */ = {
			isa = XCBuildConfiguration;
			buildSettings = {
				BUNDLE_LOADER = "$(TEST_HOST)";
				CODE_SIGN_STYLE = Automatic;
				CURRENT_PROJECT_VERSION = 1;
				DEAD_CODE_STRIPPING = YES;
				GENERATE_INFOPLIST_FILE = YES;
				IPHONEOS_DEPLOYMENT_TARGET = 17.2;
				MACOSX_DEPLOYMENT_TARGET = 13.7;
				MARKETING_VERSION = 1.0;
				PRODUCT_BUNDLE_IDENTIFIER = AdrianNeshad.UnifeedTests;
				PRODUCT_NAME = "$(TARGET_NAME)";
				SDKROOT = auto;
				SUPPORTED_PLATFORMS = "iphoneos iphonesimulator macosx";
				SWIFT_EMIT_LOC_STRINGS = NO;
				SWIFT_VERSION = 5.0;
				TARGETED_DEVICE_FAMILY = "1,2";
				TEST_HOST = "$(BUILT_PRODUCTS_DIR)/Unifeed.app/$(BUNDLE_EXECUTABLE_FOLDER_PATH)/Unifeed";
			};
			name = Debug;
		};
		3A5424F82DE779DF000D58DA /* Release */ = {
			isa = XCBuildConfiguration;
			buildSettings = {
				BUNDLE_LOADER = "$(TEST_HOST)";
				CODE_SIGN_STYLE = Automatic;
				CURRENT_PROJECT_VERSION = 1;
				DEAD_CODE_STRIPPING = YES;
				GENERATE_INFOPLIST_FILE = YES;
				IPHONEOS_DEPLOYMENT_TARGET = 17.2;
				MACOSX_DEPLOYMENT_TARGET = 13.7;
				MARKETING_VERSION = 1.0;
				PRODUCT_BUNDLE_IDENTIFIER = AdrianNeshad.UnifeedTests;
				PRODUCT_NAME = "$(TARGET_NAME)";
				SDKROOT = auto;
				SUPPORTED_PLATFORMS = "iphoneos iphonesimulator macosx";
				SWIFT_EMIT_LOC_STRINGS = NO;
				SWIFT_VERSION = 5.0;
				TARGETED_DEVICE_FAMILY = "1,2";
				TEST_HOST = "$(BUILT_PRODUCTS_DIR)/Unifeed.app/$(BUNDLE_EXECUTABLE_FOLDER_PATH)/Unifeed";
			};
			name = Release;
		};
		3A5424FA2DE779DF000D58DA /* Debug */ = {
			isa = XCBuildConfiguration;
			buildSettings = {
				CODE_SIGN_STYLE = Automatic;
				CURRENT_PROJECT_VERSION = 1;
				DEAD_CODE_STRIPPING = YES;
				GENERATE_INFOPLIST_FILE = YES;
				IPHONEOS_DEPLOYMENT_TARGET = 17.2;
				MACOSX_DEPLOYMENT_TARGET = 13.7;
				MARKETING_VERSION = 1.0;
				PRODUCT_BUNDLE_IDENTIFIER = AdrianNeshad.UnifeedUITests;
				PRODUCT_NAME = "$(TARGET_NAME)";
				SDKROOT = auto;
				SUPPORTED_PLATFORMS = "iphoneos iphonesimulator macosx";
				SWIFT_EMIT_LOC_STRINGS = NO;
				SWIFT_VERSION = 5.0;
				TARGETED_DEVICE_FAMILY = "1,2";
				TEST_TARGET_NAME = Unifeed;
			};
			name = Debug;
		};
		3A5424FB2DE779DF000D58DA /* Release */ = {
			isa = XCBuildConfiguration;
			buildSettings = {
				CODE_SIGN_STYLE = Automatic;
				CURRENT_PROJECT_VERSION = 1;
				DEAD_CODE_STRIPPING = YES;
				GENERATE_INFOPLIST_FILE = YES;
				IPHONEOS_DEPLOYMENT_TARGET = 17.2;
				MACOSX_DEPLOYMENT_TARGET = 13.7;
				MARKETING_VERSION = 1.0;
				PRODUCT_BUNDLE_IDENTIFIER = AdrianNeshad.UnifeedUITests;
				PRODUCT_NAME = "$(TARGET_NAME)";
				SDKROOT = auto;
				SUPPORTED_PLATFORMS = "iphoneos iphonesimulator macosx";
				SWIFT_EMIT_LOC_STRINGS = NO;
				SWIFT_VERSION = 5.0;
				TARGETED_DEVICE_FAMILY = "1,2";
				TEST_TARGET_NAME = Unifeed;
			};
			name = Release;
		};
/* End XCBuildConfiguration section */

/* Begin XCConfigurationList section */
		3A5424C92DE779DC000D58DA /* Build configuration list for PBXProject "Unifeed" */ = {
			isa = XCConfigurationList;
			buildConfigurations = (
				3A5424F12DE779DF000D58DA /* Debug */,
				3A5424F22DE779DF000D58DA /* Release */,
			);
			defaultConfigurationIsVisible = 0;
			defaultConfigurationName = Release;
		};
		3A5424F32DE779DF000D58DA /* Build configuration list for PBXNativeTarget "Unifeed" */ = {
			isa = XCConfigurationList;
			buildConfigurations = (
				3A5424F42DE779DF000D58DA /* Debug */,
				3A5424F52DE779DF000D58DA /* Release */,
			);
			defaultConfigurationIsVisible = 0;
			defaultConfigurationName = Release;
		};
		3A5424F62DE779DF000D58DA /* Build configuration list for PBXNativeTarget "UnifeedTests" */ = {
			isa = XCConfigurationList;
			buildConfigurations = (
				3A5424F72DE779DF000D58DA /* Debug */,
				3A5424F82DE779DF000D58DA /* Release */,
			);
			defaultConfigurationIsVisible = 0;
			defaultConfigurationName = Release;
		};
		3A5424F92DE779DF000D58DA /* Build configuration list for PBXNativeTarget "UnifeedUITests" */ = {
			isa = XCConfigurationList;
			buildConfigurations = (
				3A5424FA2DE779DF000D58DA /* Debug */,
				3A5424FB2DE779DF000D58DA /* Release */,
			);
			defaultConfigurationIsVisible = 0;
			defaultConfigurationName = Release;
		};
/* End XCConfigurationList section */

/* Begin XCRemoteSwiftPackageReference section */
		3A0357BD2DE782EE0066F14E /* XCRemoteSwiftPackageReference "AlertToast" */ = {
			isa = XCRemoteSwiftPackageReference;
			repositoryURL = "https://github.com/elai950/AlertToast";
			requirement = {
				kind = upToNextMajorVersion;
				minimumVersion = 1.3.9;
			};
		};
		3A0357C52DE78BF60066F14E /* XCRemoteSwiftPackageReference "FeedKit" */ = {
			isa = XCRemoteSwiftPackageReference;
			repositoryURL = "https://github.com/nmdias/FeedKit";
			requirement = {
				kind = upToNextMajorVersion;
				minimumVersion = 10.0.1;
			};
		};
		3AD6C40C2DEB25A70049F5BB /* XCRemoteSwiftPackageReference "SwiftSoup" */ = {
			isa = XCRemoteSwiftPackageReference;
			repositoryURL = "https://github.com/scinfu/SwiftSoup";
			requirement = {
				kind = upToNextMajorVersion;
				minimumVersion = 2.8.7;
			};
		};
/* End XCRemoteSwiftPackageReference section */

/* Begin XCSwiftPackageProductDependency section */
		3A0357BE2DE782EE0066F14E /* AlertToast */ = {
			isa = XCSwiftPackageProductDependency;
			package = 3A0357BD2DE782EE0066F14E /* XCRemoteSwiftPackageReference "AlertToast" */;
			productName = AlertToast;
		};
		3A0357C62DE78BF60066F14E /* FeedKit */ = {
			isa = XCSwiftPackageProductDependency;
			package = 3A0357C52DE78BF60066F14E /* XCRemoteSwiftPackageReference "FeedKit" */;
			productName = FeedKit;
		};
		3A0357C82DE78BF60066F14E /* XMLKit */ = {
			isa = XCSwiftPackageProductDependency;
			package = 3A0357C52DE78BF60066F14E /* XCRemoteSwiftPackageReference "FeedKit" */;
			productName = XMLKit;
		};
		3AD6C40D2DEB25A70049F5BB /* SwiftSoup */ = {
			isa = XCSwiftPackageProductDependency;
			package = 3AD6C40C2DEB25A70049F5BB /* XCRemoteSwiftPackageReference "SwiftSoup" */;
			productName = SwiftSoup;
		};
/* End XCSwiftPackageProductDependency section */
	};
	rootObject = 3A5424C62DE779DC000D58DA /* Project object */;
}
